
Microsoft Visual Studio Solution File, Format Version 12.00
# Visual Studio Version 16
VisualStudioVersion = 16.0.30320.27
MinimumVisualStudioVersion = 15.0.26124.0
Project("{2150E333-8FDC-42A3-9474-1A3956D46DE8}") = "src", "src", "{F730E0C6-4C70-423A-B808-9FDB3221C8D9}"
EndProject
Project("{9A19103F-16F7-4668-BE54-9A1E7A4F7556}") = "Pdb.Results", "src\Pdb.Results\Pdb.Results.csproj", "{7AB30034-6BAF-4716-A166-5C5963A54078}"
EndProject
Project("{2150E333-8FDC-42A3-9474-1A3956D46DE8}") = "Solution Items", "Solution Items", "{94E5897B-5F10-4905-A037-118772F9D256}"
	ProjectSection(SolutionItems) = preProject
		.editorconfig = .editorconfig
		.gitignore = .gitignore
		README.md = README.md
	EndProjectSection
EndProject
Global
	GlobalSection(SolutionConfigurationPlatforms) = preSolution
		Debug|Any CPU = Debug|Any CPU
		Debug|x64 = Debug|x64
		Debug|x86 = Debug|x86
		Release|Any CPU = Release|Any CPU
		Release|x64 = Release|x64
		Release|x86 = Release|x86
	EndGlobalSection
	GlobalSection(ProjectConfigurationPlatforms) = postSolution
		{7AB30034-6BAF-4716-A166-5C5963A54078}.Debug|Any CPU.ActiveCfg = Debug|Any CPU
		{7AB30034-6BAF-4716-A166-5C5963A54078}.Debug|Any CPU.Build.0 = Debug|Any CPU
		{7AB30034-6BAF-4716-A166-5C5963A54078}.Debug|x64.ActiveCfg = Debug|Any CPU
		{7AB30034-6BAF-4716-A166-5C5963A54078}.Debug|x64.Build.0 = Debug|Any CPU
		{7AB30034-6BAF-4716-A166-5C5963A54078}.Debug|x86.ActiveCfg = Debug|Any CPU
		{7AB30034-6BAF-4716-A166-5C5963A54078}.Debug|x86.Build.0 = Debug|Any CPU
		{7AB30034-6BAF-4716-A166-5C5963A54078}.Release|Any CPU.ActiveCfg = Release|Any CPU
		{7AB30034-6BAF-4716-A166-5C5963A54078}.Release|Any CPU.Build.0 = Release|Any CPU
		{7AB30034-6BAF-4716-A166-5C5963A54078}.Release|x64.ActiveCfg = Release|Any CPU
		{7AB30034-6BAF-4716-A166-5C5963A54078}.Release|x64.Build.0 = Release|Any CPU
		{7AB30034-6BAF-4716-A166-5C5963A54078}.Release|x86.ActiveCfg = Release|Any CPU
		{7AB30034-6BAF-4716-A166-5C5963A54078}.Release|x86.Build.0 = Release|Any CPU
	EndGlobalSection
	GlobalSection(SolutionProperties) = preSolution
		HideSolutionNode = FALSE
	EndGlobalSection
	GlobalSection(NestedProjects) = preSolution
		{7AB30034-6BAF-4716-A166-5C5963A54078} = {F730E0C6-4C70-423A-B808-9FDB3221C8D9}
	EndGlobalSection
	GlobalSection(ExtensibilityGlobals) = postSolution
		SolutionGuid = {86A2840D-7A0B-4B71-9F6E-68AF903F9568}
	EndGlobalSection
EndGlobal
